
Microsoft Visual Studio Solution File, Format Version 12.00
# Visual Studio Version 17
VisualStudioVersion = 17.7.34024.191
MinimumVisualStudioVersion = 10.0.40219.1
Project("{9A19103F-16F7-4668-BE54-9A1E7A4F7556}") = "Disaheim", "Disaheim.csproj", "{7EF02F4C-46F7-4A93-9349-589C86D3A4E4}"
EndProject
Project("{9A19103F-16F7-4668-BE54-9A1E7A4F7556}") = "Disaheim Test", "..\Disaheim Test\Disaheim Test.csproj", "{DC72AB27-EDDB-4915-A722-294DD4EFC00A}"
EndProject
Project("{FAE04EC0-301F-11D3-BF4B-00C04F79EFBC}") = "UtilityLib", "..\UtilityLib\UtilityLib.csproj", "{FD25156C-5E3D-4CE5-8ACB-A420C6B1BFB1}"
EndProject
Global
	GlobalSection(SolutionConfigurationPlatforms) = preSolution
		Debug|Any CPU = Debug|Any CPU
		Release|Any CPU = Release|Any CPU
	EndGlobalSection
	GlobalSection(ProjectConfigurationPlatforms) = postSolution
		{7EF02F4C-46F7-4A93-9349-589C86D3A4E4}.Debug|Any CPU.ActiveCfg = Debug|Any CPU
		{7EF02F4C-46F7-4A93-9349-589C86D3A4E4}.Debug|Any CPU.Build.0 = Debug|Any CPU
		{7EF02F4C-46F7-4A93-9349-589C86D3A4E4}.Release|Any CPU.ActiveCfg = Release|Any CPU
		{7EF02F4C-46F7-4A93-9349-589C86D3A4E4}.Release|Any CPU.Build.0 = Release|Any CPU
		{DC72AB27-EDDB-4915-A722-294DD4EFC00A}.Debug|Any CPU.ActiveCfg = Debug|Any CPU
		{DC72AB27-EDDB-4915-A722-294DD4EFC00A}.Debug|Any CPU.Build.0 = Debug|Any CPU
		{DC72AB27-EDDB-4915-A722-294DD4EFC00A}.Release|Any CPU.ActiveCfg = Release|Any CPU
		{DC72AB27-EDDB-4915-A722-294DD4EFC00A}.Release|Any CPU.Build.0 = Release|Any CPU
		{FD25156C-5E3D-4CE5-8ACB-A420C6B1BFB1}.Debug|Any CPU.ActiveCfg = Debug|Any CPU
		{FD25156C-5E3D-4CE5-8ACB-A420C6B1BFB1}.Debug|Any CPU.Build.0 = Debug|Any CPU
		{FD25156C-5E3D-4CE5-8ACB-A420C6B1BFB1}.Release|Any CPU.ActiveCfg = Release|Any CPU
		{FD25156C-5E3D-4CE5-8ACB-A420C6B1BFB1}.Release|Any CPU.Build.0 = Release|Any CPU
	EndGlobalSection
	GlobalSection(SolutionProperties) = preSolution
		HideSolutionNode = FALSE
	EndGlobalSection
	GlobalSection(ExtensibilityGlobals) = postSolution
		SolutionGuid = {DC5699E4-3D35-4C9C-9AA4-6E1976566A39}
	EndGlobalSection
EndGlobal
